{
	"name": "@root/greenlock",
	"version": "3.0.0-wip.0",
	"lockfileVersion": 1,
	"requires": true,
	"dependencies": {
		"@root/acme": {
			"version": "3.0.5",
			"resolved": "https://registry.npmjs.org/@root/acme/-/acme-3.0.5.tgz",
			"integrity": "sha512-qtAE7E0yPlajlhiojT6Fz8PV0BIvq+eNKY1mbG3zFf+idppYn66R7nrn17mvrXsQaRhabZ/C+M9MAk4Xt8UBBA==",
			"requires": {
				"@root/encoding": "^1.0.1",
				"@root/keypairs": "^0.9.0",
				"@root/pem": "^1.0.4",
				"@root/request": "^1.3.11",
				"@root/x509": "^0.7.2"
			}
		},
		"@root/asn1": {
			"version": "1.0.0",
			"resolved": "https://registry.npmjs.org/@root/asn1/-/asn1-1.0.0.tgz",
			"integrity": "sha512-0lfZNuOULKJDJmdIkP8V9RnbV3XaK6PAHD3swnFy4tZwtlMDzLKoM/dfNad7ut8Hu3r91wy9uK0WA/9zym5mig==",
			"requires": {
				"@root/encoding": "^1.0.1"
			}
		},
		"@root/csr": {
			"version": "0.8.1",
			"resolved": "https://registry.npmjs.org/@root/csr/-/csr-0.8.1.tgz",
			"integrity": "sha512-hKl0VuE549TK6SnS2Yn9nRvKbFZXn/oAg+dZJU/tlKl/f/0yRXeuUzf8akg3JjtJq+9E592zDqeXZ7yyrg8fSQ==",
			"requires": {
				"@root/asn1": "^1.0.0",
				"@root/pem": "^1.0.4",
				"@root/x509": "^0.7.2"
			}
		},
		"@root/encoding": {
			"version": "1.0.1",
			"resolved": "https://registry.npmjs.org/@root/encoding/-/encoding-1.0.1.tgz",
			"integrity": "sha512-OaEub02ufoU038gy6bsNHQOjIn8nUjGiLcaRmJ40IUykneJkIW5fxDqKxQx48cszuNflYldsJLPPXCrGfHs8yQ=="
		},
		"@root/keypairs": {
			"version": "0.9.0",
			"resolved": "https://registry.npmjs.org/@root/keypairs/-/keypairs-0.9.0.tgz",
			"integrity": "sha512-NXE2L9Gv7r3iC4kB/gTPZE1vO9Ox/p14zDzAJ5cGpTpytbWOlWF7QoHSJbtVX4H7mRG/Hp7HR3jWdWdb2xaaXg==",
			"requires": {
				"@root/encoding": "^1.0.1",
				"@root/pem": "^1.0.4",
				"@root/x509": "^0.7.2"
			}
		},
		"@root/mkdirp": {
			"version": "1.0.0",
			"resolved": "https://registry.npmjs.org/@root/mkdirp/-/mkdirp-1.0.0.tgz",
			"integrity": "sha512-hxGAYUx5029VggfG+U9naAhQkoMSXtOeXtbql97m3Hi6/sQSRL/4khKZPyOF6w11glyCOU38WCNLu9nUcSjOfA=="
		},
		"@root/pem": {
			"version": "1.0.4",
			"resolved": "https://registry.npmjs.org/@root/pem/-/pem-1.0.4.tgz",
			"integrity": "sha512-rEUDiUsHtild8GfIjFE9wXtcVxeS+ehCJQBwbQQ3IVfORKHK93CFnRtkr69R75lZFjcmKYVc+AXDB+AeRFOULA=="
		},
		"@root/request": {
			"version": "1.3.11",
			"resolved": "https://registry.npmjs.org/@root/request/-/request-1.3.11.tgz",
			"integrity": "sha512-3a4Eeghcjsfe6zh7EJ+ni1l8OK9Fz2wL1OjP4UCa0YdvtH39kdXB9RGWuzyNv7dZi0+Ffkc83KfH0WbPMiuJFw=="
		},
		"@root/x509": {
			"version": "0.7.2",
			"resolved": "https://registry.npmjs.org/@root/x509/-/x509-0.7.2.tgz",
			"integrity": "sha512-ENq3LGYORK5NiMFHEVeNMt+fTXaC7DTS6sQXoqV+dFdfT0vmiL5cDLjaXQhaklJQq0NiwicZegzJRl1ZOTp3WQ==",
			"requires": {
				"@root/asn1": "^1.0.0",
				"@root/encoding": "^1.0.1"
			}
		},
		"acme-dns-01-digitalocean": {
			"version": "3.0.1",
			"resolved": "https://registry.npmjs.org/acme-dns-01-digitalocean/-/acme-dns-01-digitalocean-3.0.1.tgz",
			"integrity": "sha512-LUdOGluDERQWJG4CwlC9HbzUai4mtKzCz8nzpVTirXup2WwH60iRFAcd81hRGaoWbd0Bc0m6RVjN9YFkXB84yA=="
		},
		"acme-http-01-standalone": {
			"version": "3.0.0",
			"resolved": "https://registry.npmjs.org/acme-http-01-standalone/-/acme-http-01-standalone-3.0.0.tgz",
			"integrity": "sha512-lZqVab2UZ1Dp36HemfhGEvdYOcVNg5wyVXNjtPUqGSAOVUOKqwi3gDrTGwqz+FBrEEEEpTngDPaZn2g3hfmPLA=="
		},
		"cert-info": {
			"version": "1.5.1",
			"resolved": "https://registry.npmjs.org/cert-info/-/cert-info-1.5.1.tgz",
			"integrity": "sha512-eoQC/yAgW3gKTKxjzyClvi+UzuY97YCjcl+lSqbsGIy7HeGaWxCPOQFivhUYm27hgsBMhsJJFya3kGvK6PMIcQ=="
		},
		"dotenv": {
			"version": "8.2.0",
			"resolved": "https://registry.npmjs.org/dotenv/-/dotenv-8.2.0.tgz",
			"integrity": "sha512-8sJ78ElpbDJBHNeBzUbUVLsqKdccaa/BXF1uPTw3GrvQTBgrQrtObr2mUrE38vzYd8cEv+m/JBfDLioYcfXoaw==",
			"dev": true
		},
		"greenlock-manager-fs": {
			"version": "0.1.0",
			"resolved": "https://registry.npmjs.org/greenlock-manager-fs/-/greenlock-manager-fs-0.1.0.tgz",
			"integrity": "sha512-tEt9npVDDR27FThVsh2PizkNPLS9V60ljbxpYnLRUkv5LoMvOTm4hHfNCEanOIL5PY8rfilh96+8v519xeYKQg=="
		},
		"greenlock-store-fs": {
			"version": "3.0.2",
			"resolved": "https://registry.npmjs.org/greenlock-store-fs/-/greenlock-store-fs-3.0.2.tgz",
			"integrity": "sha512-t4So75yKs1+7TqmxD5UKdf+zOQU0/4o0lb2auf5zUcAo7fwwNLOAXyWnnZRL3WuFBUiBGh1qXWleuMua0d3LPg==",
			"requires": {
				"@root/mkdirp": "^1.0.0",
				"safe-replace": "^1.1.0"
			}
		},
		"punycode": {
			"version": "1.4.1",
			"resolved": "https://registry.npmjs.org/punycode/-/punycode-1.4.1.tgz",
			"integrity": "sha1-wNWmOycYgArY4esPpSachN1BhF4=",
			"dev": true
		},
		"safe-replace": {
			"version": "1.1.0",
			"resolved": "https://registry.npmjs.org/safe-replace/-/safe-replace-1.1.0.tgz",
			"integrity": "sha512-9/V2E0CDsKs9DWOOwJH7jYpSl9S3N05uyevNjvsnDauBqRowBPOyot1fIvV5N2IuZAbYyvrTXrYFVG0RZInfFw=="
		}
	}
}
