{
  "name": "greenlock",
  "version": "2.7.7",
  "lockfileVersion": 1,
  "requires": true,
  "dependencies": {
    "@coolaj86/urequest": {
      "version": "1.3.7",
      "resolved": "https://registry.npmjs.org/@coolaj86/urequest/-/urequest-1.3.7.tgz",
      "integrity": "sha512-PPrVYra9aWvZjSCKl/x1pJ9ZpXda1652oJrPBYy5rQumJJMkmTBN3ux+sK2xAUwVvv2wnewDlaQaHLxLwSHnIA=="
    },
    "acme": {
      "version": "1.3.0",
      "resolved": "https://registry.npmjs.org/acme/-/acme-1.3.0.tgz",
      "integrity": "sha512-Ny8aXnGdtlEVBZLpzNyVp7gff/3zFYrbfbiY93lx5jdrG4BrraA6P8RkRFP7NbFwh1rBgQkdHEsMxTp3f2r8dA==",
      "requires": {
        "acme-v2": "^1.6.0"
      }
    },
    "acme-v2": {
      "version": "1.7.5",
      "resolved": "https://registry.npmjs.org/acme-v2/-/acme-v2-1.7.5.tgz",
      "integrity": "sha512-jru7mOO/gT/ZfpRJo7m8QDWy2xea7A0xZsR9zlvMfm0+kQsE8DI3DJXOVN/1iMeQOMCHp0sZVqYRqB42XAKAdw==",
      "requires": {
        "@coolaj86/urequest": "^1.3.6",
        "rsa-compat": "^2.0.6"
      }
    },
    "cert-info": {
      "version": "1.5.1",
      "resolved": "https://registry.npmjs.org/cert-info/-/cert-info-1.5.1.tgz",
      "integrity": "sha512-eoQC/yAgW3gKTKxjzyClvi+UzuY97YCjcl+lSqbsGIy7HeGaWxCPOQFivhUYm27hgsBMhsJJFya3kGvK6PMIcQ=="
    },
    "eckles": {
      "version": "1.4.1",
      "resolved": "https://registry.npmjs.org/eckles/-/eckles-1.4.1.tgz",
      "integrity": "sha512-auWyk/k8oSkVHaD4RxkPadKsLUcIwKgr/h8F7UZEueFDBO7BsE4y+H6IMUDbfqKIFPg/9MxV6KcBdJCmVVcxSA=="
    },
    "keypairs": {
      "version": "1.2.14",
      "resolved": "https://registry.npmjs.org/keypairs/-/keypairs-1.2.14.tgz",
      "integrity": "sha512-ZoZfZMygyB0QcjSlz7Rh6wT2CJasYEHBPETtmHZEfxuJd7bnsOG5AdtPZqHZBT+hoHvuWCp/4y8VmvTvH0Y9uA==",
      "requires": {
        "eckles": "^1.4.1",
        "rasha": "^1.2.4"
      }
    },
    "le-challenge-dns": {
      "version": "3.0.2",
      "resolved": "https://registry.npmjs.org/le-challenge-dns/-/le-challenge-dns-3.0.2.tgz",
      "integrity": "sha512-cmg26G2VdcRL9Ja8JegsES3B2jBTZ/LkkaqzrUAMRl2UQQiS/+kursn3J761ht58/sXOpYVp5V6rQwIXSknDbg=="
    },
    "le-challenge-fs": {
      "version": "2.0.8",
      "resolved": "https://registry.npmjs.org/le-challenge-fs/-/le-challenge-fs-2.0.8.tgz",
      "integrity": "sha1-ttRYo38JfoffPYtf9nATc3q51aI=",
      "requires": {
        "mkdirp": "^0.5.1"
      }
    },
    "le-sni-auto": {
      "version": "2.1.8",
      "resolved": "https://registry.npmjs.org/le-sni-auto/-/le-sni-auto-2.1.8.tgz",
      "integrity": "sha512-aEUP+DB5mfHi4kHY37nJdtVr+DIF5vxiXKdiZBPOLNgF7pK3iD0wJU6fiwDRtZRz2KOahX+VBxlgTN2r24nKhw=="
    },
    "le-store-certbot": {
      "version": "2.2.1",
      "resolved": "https://registry.npmjs.org/le-store-certbot/-/le-store-certbot-2.2.1.tgz",
      "integrity": "sha512-BhljZjTULhbNBAT6RBiv4TeZegFraMxURYEvh3WRUI048zmXf4ZfC8gwbdu5fnD2tTCsS9fbsCOAQyrFBl4jlA==",
      "requires": {
        "mkdirp": "^0.5.1",
        "pyconf": "^1.1.5",
        "safe-replace": "^1.0.3"
      }
    },
    "le-store-fs": {
      "version": "1.0.2",
      "resolved": "https://registry.npmjs.org/le-store-fs/-/le-store-fs-1.0.2.tgz",
      "integrity": "sha512-9Xm9Lro0qCJMSdsR2496lqu+VjjRUC0Rz3BYGpgVbWb+9+4wyLk+Gq76q3nI3UzrpDxcqhR+Jh1FDxsRowKmmg==",
      "requires": {
        "mkdirp": "^0.5.1",
        "safe-replace": "^1.1.0"
      }
    },
    "minimist": {
      "version": "0.0.8",
      "resolved": "https://registry.npmjs.org/minimist/-/minimist-0.0.8.tgz",
      "integrity": "sha1-hX/Kv8M5fSYluCKCYuhqp6ARsF0="
    },
    "mkdirp": {
      "version": "0.5.1",
      "resolved": "https://registry.npmjs.org/mkdirp/-/mkdirp-0.5.1.tgz",
      "integrity": "sha1-MAV0OOrGz3+MR2fzhkjWaX11yQM=",
      "requires": {
        "minimist": "0.0.8"
      }
    },
    "pyconf": {
      "version": "1.1.6",
      "resolved": "https://registry.npmjs.org/pyconf/-/pyconf-1.1.6.tgz",
      "integrity": "sha512-4ujjwqch6nViWduSLc3/QFrDdJJAvAE7NRBarSGLANwh0tNW0MbXeJE8ZziJZvzRnUEN5scYwsS+ItYU1uj6dQ==",
      "requires": {
        "safe-replace": "^1.0.2"
      }
    },
    "rasha": {
      "version": "1.2.5",
      "resolved": "https://registry.npmjs.org/rasha/-/rasha-1.2.5.tgz",
      "integrity": "sha512-KxtX+/fBk+wM7O3CNgwjSh5elwFilLvqWajhr6wFr2Hd63JnKTTi43Tw+Jb1hxJQWOwoya+NZWR2xztn3hCrTw=="
    },
    "rsa-compat": {
      "version": "2.0.6",
      "resolved": "https://registry.npmjs.org/rsa-compat/-/rsa-compat-2.0.6.tgz",
      "integrity": "sha512-bQmpscAQec9442RaghDybrHMy1twQ3nUZOgTlqntio1yru+rMnDV64uGRzKp7dJ4VVhNv3mLh3X4MNON+YM0dA==",
      "requires": {
        "keypairs": "^1.2.14"
      }
    },
    "safe-replace": {
      "version": "1.1.0",
      "resolved": "https://registry.npmjs.org/safe-replace/-/safe-replace-1.1.0.tgz",
      "integrity": "sha512-9/V2E0CDsKs9DWOOwJH7jYpSl9S3N05uyevNjvsnDauBqRowBPOyot1fIvV5N2IuZAbYyvrTXrYFVG0RZInfFw=="
    }
  }
}
